
Microsoft Visual Studio Solution File, Format Version 12.00
# Visual Studio Version 16
VisualStudioVersion = 16.0.32929.386
MinimumVisualStudioVersion = 10.0.40219.1
Project("{FAE04EC0-301F-11D3-BF4B-00C04F79EFBC}") = "Studentinfo", "Studentinfo\Studentinfo.csproj", "{FD3D488D-ADE1-485E-A18A-6BFB4D20AFD5}"
EndProject
Global
	GlobalSection(SolutionConfigurationPlatforms) = preSolution
		Debug|Any CPU = Debug|Any CPU
		Release|Any CPU = Release|Any CPU
	EndGlobalSection
	GlobalSection(ProjectConfigurationPlatforms) = postSolution
		{FD3D488D-ADE1-485E-A18A-6BFB4D20AFD5}.Debug|Any CPU.ActiveCfg = Debug|Any CPU
		{FD3D488D-ADE1-485E-A18A-6BFB4D20AFD5}.Debug|Any CPU.Build.0 = Debug|Any CPU
		{FD3D488D-ADE1-485E-A18A-6BFB4D20AFD5}.Release|Any CPU.ActiveCfg = Release|Any CPU
		{FD3D488D-ADE1-485E-A18A-6BFB4D20AFD5}.Release|Any CPU.Build.0 = Release|Any CPU
	EndGlobalSection
	GlobalSection(SolutionProperties) = preSolution
		HideSolutionNode = FALSE
	EndGlobalSection
	GlobalSection(ExtensibilityGlobals) = postSolution
		SolutionGuid = {408EBF3A-60FB-4AD4-9A03-BBCC34183C17}
	EndGlobalSection
EndGlobal
